
Microsoft Visual Studio Solution File, Format Version 12.00
# Visual Studio Version 17
VisualStudioVersion = 17.9.34728.123
MinimumVisualStudioVersion = 10.0.40219.1
Project("{9A19103F-16F7-4668-BE54-9A1E7A4F7556}") = "RapidBootcamp.ConsoleApp", "RapidBootcamp.ConsoleApp\RapidBootcamp.ConsoleApp.csproj", "{A8AB9765-0906-4428-9E04-5E1F86AB6283}"
EndProject
Project("{9A19103F-16F7-4668-BE54-9A1E7A4F7556}") = "RapidBootcamp.WebApplication", "RapidBootcamp.WebApplication\RapidBootcamp.WebApplication.csproj", "{F186CD43-923C-4CFE-A0F1-94C1E1B79CCA}"
EndProject
Project("{9A19103F-16F7-4668-BE54-9A1E7A4F7556}") = "RapidBootcamp.BackendAPI", "RapidBootcamp.BackendAPI\RapidBootcamp.BackendAPI.csproj", "{8A5D9BE7-BE83-4C6D-915B-0E79B89C84F1}"
EndProject
Project("{FAE04EC0-301F-11D3-BF4B-00C04F79EFBC}") = "RapidBootcamp.MigrationDb", "RapidBootcamp.MigrationDb\RapidBootcamp.MigrationDb.csproj", "{6AC93932-B989-477D-8198-104260DDFC6C}"
EndProject
Global
	GlobalSection(SolutionConfigurationPlatforms) = preSolution
		Debug|Any CPU = Debug|Any CPU
		Release|Any CPU = Release|Any CPU
	EndGlobalSection
	GlobalSection(ProjectConfigurationPlatforms) = postSolution
		{A8AB9765-0906-4428-9E04-5E1F86AB6283}.Debug|Any CPU.ActiveCfg = Debug|Any CPU
		{A8AB9765-0906-4428-9E04-5E1F86AB6283}.Debug|Any CPU.Build.0 = Debug|Any CPU
		{A8AB9765-0906-4428-9E04-5E1F86AB6283}.Release|Any CPU.ActiveCfg = Release|Any CPU
		{A8AB9765-0906-4428-9E04-5E1F86AB6283}.Release|Any CPU.Build.0 = Release|Any CPU
		{F186CD43-923C-4CFE-A0F1-94C1E1B79CCA}.Debug|Any CPU.ActiveCfg = Debug|Any CPU
		{F186CD43-923C-4CFE-A0F1-94C1E1B79CCA}.Debug|Any CPU.Build.0 = Debug|Any CPU
		{F186CD43-923C-4CFE-A0F1-94C1E1B79CCA}.Release|Any CPU.ActiveCfg = Release|Any CPU
		{F186CD43-923C-4CFE-A0F1-94C1E1B79CCA}.Release|Any CPU.Build.0 = Release|Any CPU
		{8A5D9BE7-BE83-4C6D-915B-0E79B89C84F1}.Debug|Any CPU.ActiveCfg = Debug|Any CPU
		{8A5D9BE7-BE83-4C6D-915B-0E79B89C84F1}.Debug|Any CPU.Build.0 = Debug|Any CPU
		{8A5D9BE7-BE83-4C6D-915B-0E79B89C84F1}.Release|Any CPU.ActiveCfg = Release|Any CPU
		{8A5D9BE7-BE83-4C6D-915B-0E79B89C84F1}.Release|Any CPU.Build.0 = Release|Any CPU
		{6AC93932-B989-477D-8198-104260DDFC6C}.Debug|Any CPU.ActiveCfg = Debug|Any CPU
		{6AC93932-B989-477D-8198-104260DDFC6C}.Debug|Any CPU.Build.0 = Debug|Any CPU
		{6AC93932-B989-477D-8198-104260DDFC6C}.Release|Any CPU.ActiveCfg = Release|Any CPU
		{6AC93932-B989-477D-8198-104260DDFC6C}.Release|Any CPU.Build.0 = Release|Any CPU
	EndGlobalSection
	GlobalSection(SolutionProperties) = preSolution
		HideSolutionNode = FALSE
	EndGlobalSection
	GlobalSection(ExtensibilityGlobals) = postSolution
		SolutionGuid = {7DBE6250-879B-4EF7-951E-30DF1BFDDF38}
	EndGlobalSection
EndGlobal
